<?xml version="1.0" encoding="utf-8"?>
<Project ToolsVersion="4.0" xmlns="http://schemas.microsoft.com/developer/msbuild/2003">
  <ItemGroup>
    <Filter Include="Source Files">
      <UniqueIdentifier>{4FC737F1-C7A5-4376-A066-2A32D752A2FF}</UniqueIdentifier>
      <Extensions>cpp;c;cc;cxx;def;odl;idl;hpj;bat;asm;asmx</Extensions>
    </Filter>
    <Filter Include="Header Files">
      <UniqueIdentifier>{93995380-89BD-4b04-88EB-625FBE52EBFB}</UniqueIdentifier>
      <Extensions>h;hh;hpp;hxx;hm;inl;inc;xsd</Extensions>
    </Filter>
    <Filter Include="Resource Files">
      <UniqueIdentifier>{67DA6AB6-F800-4c08-8B7A-83BB121AAD01}</UniqueIdentifier>
      <Extensions>rc;ico;cur;bmp;dlg;rc2;rct;bin;rgs;gif;jpg;jpeg;jpe;resx;tiff;tif;png;wav;mfcribbon-ms</Extensions>
    </Filter>
    <Filter Include="Pre-Compiled Header Files">
      <UniqueIdentifier>{371dbd29-9ffd-4e8a-8389-2dca6bc1e725}</UniqueIdentifier>
    </Filter>
    <Filter Include="Exe Tables">
      <UniqueIdentifier>{1c7b8d4b-0087-4217-8ce4-a2eecdc57678}</UniqueIdentifier>
    </Filter>
    <Filter Include="Exe Tables\Level">
      <UniqueIdentifier>{8f422d4c-9761-4d33-a4cf-08aa2ca37e49}</UniqueIdentifier>
    </Filter>
    <Filter Include="Systems">
      <UniqueIdentifier>{32271c73-8853-48f9-a462-24fa56a5d351}</UniqueIdentifier>
    </Filter>
    <Filter Include="Systems\Exp">
      <UniqueIdentifier>{eb8b2118-a079-401d-9336-fdc671e93d4b}</UniqueIdentifier>
    </Filter>
    <Filter Include="DataBases">
      <UniqueIdentifier>{409ed942-c60d-4916-9d94-e699ce371b2f}</UniqueIdentifier>
    </Filter>
    <Filter Include="DataBases\Monster">
      <UniqueIdentifier>{517f76f7-7e7b-4d99-8af0-9c2318262201}</UniqueIdentifier>
    </Filter>
    <Filter Include="DataBases\User">
      <UniqueIdentifier>{a83baee0-1caa-4aed-94c5-fa6c99300e4f}</UniqueIdentifier>
    </Filter>
    <Filter Include="Systems\Premiuns">
      <UniqueIdentifier>{7b52713b-5e4a-46e0-a676-f5b985a0224e}</UniqueIdentifier>
    </Filter>
  </ItemGroup>
  <ItemGroup>
    <ClCompile Include="dllmain.cpp">
      <Filter>Pre-Compiled Header Files</Filter>
    </ClCompile>
    <ClCompile Include="stdafx.cpp">
      <Filter>Pre-Compiled Header Files</Filter>
    </ClCompile>
    <ClCompile Include="Game.cpp" />
    <ClCompile Include="Main.cpp">
      <Filter>Source Files</Filter>
    </ClCompile>
    <ClCompile Include="NetworkPacket.cpp">
      <Filter>Source Files</Filter>
    </ClCompile>
    <ClCompile Include="LevelTable.cpp">
      <Filter>Exe Tables\Level</Filter>
    </ClCompile>
    <ClCompile Include="ExpSystem.cpp">
      <Filter>Systems\Exp</Filter>
    </ClCompile>
    <ClCompile Include="MonsterData.cpp">
      <Filter>DataBases\Monster</Filter>
    </ClCompile>
    <ClCompile Include="UserData.cpp">
      <Filter>DataBases\User</Filter>
    </ClCompile>
    <ClCompile Include="Translate.cpp">
      <Filter>Source Files</Filter>
    </ClCompile>
    <ClCompile Include="Premium.cpp">
      <Filter>Systems\Premiuns</Filter>
    </ClCompile>
  </ItemGroup>
  <ItemGroup>
    <ClInclude Include="stdafx.h">
      <Filter>Pre-Compiled Header Files</Filter>
    </ClInclude>
    <ClInclude Include="Main.h">
      <Filter>Header Files</Filter>
    </ClInclude>
    <ClInclude Include="Game.h" />
    <ClInclude Include="NetworkPacket.h">
      <Filter>Header Files</Filter>
    </ClInclude>
    <ClInclude Include="LevelTable.h">
      <Filter>Exe Tables\Level</Filter>
    </ClInclude>
    <ClInclude Include="ExpSystem.h">
      <Filter>Systems\Exp</Filter>
    </ClInclude>
    <ClInclude Include="MonsterData.h">
      <Filter>DataBases\Monster</Filter>
    </ClInclude>
    <ClInclude Include="UserData.h">
      <Filter>DataBases\User</Filter>
    </ClInclude>
    <ClInclude Include="Translate.h">
      <Filter>Header Files</Filter>
    </ClInclude>
    <ClInclude Include="Premium.h">
      <Filter>Systems\Premiuns</Filter>
    </ClInclude>
  </ItemGroup>
</Project>