<?xml version="1.0" encoding="utf-8"?>
<Project ToolsVersion="4.0" xmlns="http://schemas.microsoft.com/developer/msbuild/2003">
  <ItemGroup>
    <Filter Include="Source Files">
      <UniqueIdentifier>{4FC737F1-C7A5-4376-A066-2A32D752A2FF}</UniqueIdentifier>
      <Extensions>cpp;c;cc;cxx;def;odl;idl;hpj;bat;asm;asmx</Extensions>
    </Filter>
    <Filter Include="Header Files">
      <UniqueIdentifier>{93995380-89BD-4b04-88EB-625FBE52EBFB}</UniqueIdentifier>
      <Extensions>h;hh;hpp;hxx;hm;inl;inc;xsd</Extensions>
    </Filter>
    <Filter Include="Resource Files">
      <UniqueIdentifier>{67DA6AB6-F800-4c08-8B7A-83BB121AAD01}</UniqueIdentifier>
      <Extensions>rc;ico;cur;bmp;dlg;rc2;rct;bin;rgs;gif;jpg;jpeg;jpe;resx;tiff;tif;png;wav;mfcribbon-ms</Extensions>
    </Filter>
    <Filter Include="Pre-Compiled Header Files">
      <UniqueIdentifier>{f9a754af-8790-4c9d-812e-6afc88a74241}</UniqueIdentifier>
    </Filter>
    <Filter Include="Exe Tables">
      <UniqueIdentifier>{a93c2648-9d4c-4377-a431-7f98b39fc35b}</UniqueIdentifier>
    </Filter>
    <Filter Include="Custom API%27s Files">
      <UniqueIdentifier>{7de33866-853d-484e-a653-dd8e823ed91e}</UniqueIdentifier>
    </Filter>
    <Filter Include="Custom API%27s Files\SQL">
      <UniqueIdentifier>{6dc11333-65fa-44ce-ba5c-b5959e70bfd2}</UniqueIdentifier>
    </Filter>
    <Filter Include="Exe Tables\Item">
      <UniqueIdentifier>{40def4a4-8b98-464e-b0d2-7992a266265d}</UniqueIdentifier>
    </Filter>
    <Filter Include="Exe Tables\Field">
      <UniqueIdentifier>{f3330544-6e55-4b49-88ce-3e170b8a68a2}</UniqueIdentifier>
    </Filter>
    <Filter Include="Exe Tables\Level">
      <UniqueIdentifier>{5d5a6c4d-fc45-4568-b82f-1bbadc647669}</UniqueIdentifier>
    </Filter>
    <Filter Include="Systems">
      <UniqueIdentifier>{485a36a3-0ea7-42a3-9b1b-c47f29373066}</UniqueIdentifier>
    </Filter>
    <Filter Include="Systems\Exp">
      <UniqueIdentifier>{12b4a040-40d0-4f01-bb1d-f4e61427dd72}</UniqueIdentifier>
    </Filter>
    <Filter Include="DataBases">
      <UniqueIdentifier>{1dd784e0-fa22-4e14-b1a5-39dce7c8db3a}</UniqueIdentifier>
    </Filter>
    <Filter Include="DataBases\User">
      <UniqueIdentifier>{37f8ab90-82f7-480d-a6d6-1b1ffe73e774}</UniqueIdentifier>
    </Filter>
    <Filter Include="DataBases\Monster">
      <UniqueIdentifier>{aa3df8e7-6d46-4cd3-9d42-ee5d5f850a82}</UniqueIdentifier>
    </Filter>
    <Filter Include="Systems\Premiuns">
      <UniqueIdentifier>{ce38a4b5-7e1e-4f73-93a5-d198c517157a}</UniqueIdentifier>
    </Filter>
  </ItemGroup>
  <ItemGroup>
    <ClInclude Include="stdafx.h">
      <Filter>Pre-Compiled Header Files</Filter>
    </ClInclude>
    <ClInclude Include="Main.h">
      <Filter>Header Files</Filter>
    </ClInclude>
    <ClInclude Include="Server.h" />
    <ClInclude Include="SQLApi.h">
      <Filter>Custom API%27s Files\SQL</Filter>
    </ClInclude>
    <ClInclude Include="ItemTable.h">
      <Filter>Exe Tables\Item</Filter>
    </ClInclude>
    <ClInclude Include="FieldTable.h">
      <Filter>Exe Tables\Field</Filter>
    </ClInclude>
    <ClInclude Include="NetworkPacket.h">
      <Filter>Header Files</Filter>
    </ClInclude>
    <ClInclude Include="LevelTable.h">
      <Filter>Exe Tables\Level</Filter>
    </ClInclude>
    <ClInclude Include="ExpSystem.h">
      <Filter>Systems\Exp</Filter>
    </ClInclude>
    <ClInclude Include="UserData.h">
      <Filter>DataBases\User</Filter>
    </ClInclude>
    <ClInclude Include="UserInfo.h">
      <Filter>DataBases\User</Filter>
    </ClInclude>
    <ClInclude Include="MonsterData.h">
      <Filter>DataBases\Monster</Filter>
    </ClInclude>
    <ClInclude Include="Premium.h">
      <Filter>Systems\Premiuns</Filter>
    </ClInclude>
  </ItemGroup>
  <ItemGroup>
    <ClCompile Include="Server.cpp" />
    <ClCompile Include="dllmain.cpp">
      <Filter>Pre-Compiled Header Files</Filter>
    </ClCompile>
    <ClCompile Include="stdafx.cpp">
      <Filter>Pre-Compiled Header Files</Filter>
    </ClCompile>
    <ClCompile Include="Main.cpp">
      <Filter>Source Files</Filter>
    </ClCompile>
    <ClCompile Include="SQLApi.cpp">
      <Filter>Custom API%27s Files\SQL</Filter>
    </ClCompile>
    <ClCompile Include="ItemTable.cpp">
      <Filter>Exe Tables\Item</Filter>
    </ClCompile>
    <ClCompile Include="FieldTable.cpp">
      <Filter>Exe Tables\Field</Filter>
    </ClCompile>
    <ClCompile Include="NetworkPacket.cpp">
      <Filter>Source Files</Filter>
    </ClCompile>
    <ClCompile Include="LevelTable.cpp">
      <Filter>Exe Tables\Level</Filter>
    </ClCompile>
    <ClCompile Include="ExpSystem.cpp">
      <Filter>Systems\Exp</Filter>
    </ClCompile>
    <ClCompile Include="MonsterData.cpp">
      <Filter>DataBases\Monster</Filter>
    </ClCompile>
    <ClCompile Include="UserData.cpp">
      <Filter>DataBases\User</Filter>
    </ClCompile>
    <ClCompile Include="UserInfo.cpp">
      <Filter>DataBases\User</Filter>
    </ClCompile>
    <ClCompile Include="Premium.cpp">
      <Filter>Systems\Premiuns</Filter>
    </ClCompile>
  </ItemGroup>
</Project>